# Unlock caller for tf-pr-ops. Copy to a consumer repo as
# .github/workflows/tf-pr-ops-unlock.yml, next to tf-pr-ops-pr.yml.
#
# Releases the PR's cross-PR unit locks when it closes. Its own workflow so
# a merged PR's checks list shows one row that reads as lock release, instead
# of a skipped pre-commit row and a second dispatch row stacked on the last
# real run (#206). The dispatch action only dispatches the unlock, so no
# credentials are needed here.
name: tf-pr-ops unlock

on:
  pull_request:
    types: [closed]

permissions:
  contents: read
  actions: write         # dispatch the ops workflow

jobs:
  unlock:
    if: github.event.repository.is_template != true
    runs-on: ubuntu-latest
    steps:
      - uses: nrit-solutions/tf-pr-ops/.github/actions/dispatch@v9.1.3 # x-release-please-version
